
Microsoft Visual Studio Solution File, Format Version 12.00
# Visual Studio Version 16
VisualStudioVersion = 16.0.28407.52
MinimumVisualStudioVersion = 10.0.40219.1
Project("{8BC9CEB8-8B4A-11D0-8D11-00A0C91BC942}") = "sxRenderThread", "sxRenderThread.vcxproj", "{63D02202-1B58-4520-8ECB-C60FC68187AE}"
EndProject
Global
	GlobalSection(SolutionConfigurationPlatforms) = preSolution
		Debug-UnitTest|Win32 = Debug-UnitTest|Win32
		Debug-UnitTest|x64 = Debug-UnitTest|x64
		Release|Win32 = Release|Win32
		Release|x64 = Release|x64
	EndGlobalSection
	GlobalSection(ProjectConfigurationPlatforms) = postSolution
		{63D02202-1B58-4520-8ECB-C60FC68187AE}.Debug-UnitTest|Win32.ActiveCfg = Debug-UnitTest|Win32
		{63D02202-1B58-4520-8ECB-C60FC68187AE}.Debug-UnitTest|Win32.Build.0 = Debug-UnitTest|Win32
		{63D02202-1B58-4520-8ECB-C60FC68187AE}.Debug-UnitTest|x64.ActiveCfg = Debug-UnitTest|x64
		{63D02202-1B58-4520-8ECB-C60FC68187AE}.Debug-UnitTest|x64.Build.0 = Debug-UnitTest|x64
		{63D02202-1B58-4520-8ECB-C60FC68187AE}.Release|Win32.ActiveCfg = Release|Win32
		{63D02202-1B58-4520-8ECB-C60FC68187AE}.Release|Win32.Build.0 = Release|Win32
		{63D02202-1B58-4520-8ECB-C60FC68187AE}.Release|x64.ActiveCfg = Release|x64
		{63D02202-1B58-4520-8ECB-C60FC68187AE}.Release|x64.Build.0 = Release|x64
	EndGlobalSection
	GlobalSection(SolutionProperties) = preSolution
		HideSolutionNode = FALSE
	EndGlobalSection
	GlobalSection(ExtensibilityGlobals) = postSolution
		SolutionGuid = {841174C9-D978-4582-9BFC-BE6568BC8290}
	EndGlobalSection
EndGlobal
