<?xml version="1.0" encoding="utf-8"?>
<Project ToolsVersion="4.0" xmlns="http://schemas.microsoft.com/developer/msbuild/2003">
  <ItemGroup>
    <Filter Include="sxApplication">
      <UniqueIdentifier>{be1a73c2-8b1b-4fc1-b5c1-47e46f266655}</UniqueIdentifier>
    </Filter>
    <Filter Include="sxKernel">
      <UniqueIdentifier>{a0de13eb-fad6-4780-9612-9cfe579cc4db}</UniqueIdentifier>
    </Filter>
    <Filter Include="sxKernel\Thread">
      <UniqueIdentifier>{897a5ccb-cd59-47af-995b-fad953260def}</UniqueIdentifier>
    </Filter>
    <Filter Include="sxKernel\Math">
      <UniqueIdentifier>{2ef0fce1-852c-4396-9e7c-e12d46377950}</UniqueIdentifier>
    </Filter>
    <Filter Include="sxKernel\UnitTest">
      <UniqueIdentifier>{85acdc3f-c3d1-47a6-ba2a-15e89d99fb71}</UniqueIdentifier>
    </Filter>
    <Filter Include="sxDriver">
      <UniqueIdentifier>{08196ba4-c132-4be1-8d82-dc25878efc74}</UniqueIdentifier>
    </Filter>
    <Filter Include="sxDriver\Server">
      <UniqueIdentifier>{002e69c9-18d4-40b1-8207-0480e03ee845}</UniqueIdentifier>
    </Filter>
    <Filter Include="sxDriver\Server\D3d9">
      <UniqueIdentifier>{c363d8ed-45cc-4e77-9e42-fc521834e9ab}</UniqueIdentifier>
    </Filter>
    <Filter Include="sxDriver\Server\D3d9\Command">
      <UniqueIdentifier>{9f32bb6f-9149-47f1-b2fb-dbedba5f25b8}</UniqueIdentifier>
    </Filter>
    <Filter Include="sxDriver\Server\D3d9\State">
      <UniqueIdentifier>{90e753e2-3509-4d93-a16a-737eb24f90e6}</UniqueIdentifier>
    </Filter>
    <Filter Include="sxDriver\Server\Interface">
      <UniqueIdentifier>{b2475a18-6a43-4340-871d-2d037acfc195}</UniqueIdentifier>
    </Filter>
    <Filter Include="sxDriver\Server\UTest">
      <UniqueIdentifier>{06adf76e-0c72-43e7-929b-5df3a765ba95}</UniqueIdentifier>
    </Filter>
    <Filter Include="sxDriver\Server\UTest\Command">
      <UniqueIdentifier>{9807cfc2-a7a6-4382-9147-baa416eb4527}</UniqueIdentifier>
    </Filter>
    <Filter Include="sxDriver\Server\UTest\State">
      <UniqueIdentifier>{27eec3fe-6533-4e2c-bd57-f6e648485ecd}</UniqueIdentifier>
    </Filter>
    <Filter Include="sxDriver\Server\OpenGL">
      <UniqueIdentifier>{b0d6e41c-3d8e-464c-9393-d5ce3fdc6b2c}</UniqueIdentifier>
    </Filter>
    <Filter Include="sxDriver\Client">
      <UniqueIdentifier>{3ca183e7-f6a1-4e83-a88f-b00b1239b74a}</UniqueIdentifier>
    </Filter>
    <Filter Include="sxDriver\Client\State">
      <UniqueIdentifier>{604ed13e-e5b2-422d-85c0-d5a2a2afcb52}</UniqueIdentifier>
    </Filter>
    <Filter Include="sxDriver\Client\Command">
      <UniqueIdentifier>{34b7f853-a070-4b5e-ad1d-46250f8052d9}</UniqueIdentifier>
    </Filter>
    <Filter Include="sxDriver\Client\Command\UTest">
      <UniqueIdentifier>{6771586c-0b1f-4911-8c0b-f3a9790b566c}</UniqueIdentifier>
    </Filter>
    <Filter Include="sxDriver\Client\UTest">
      <UniqueIdentifier>{4b9422b7-0984-4e3f-b4eb-147a63702093}</UniqueIdentifier>
    </Filter>
  </ItemGroup>
  <ItemGroup>
    <ClCompile Include="sxApplication\sxCControls.cpp">
      <Filter>sxApplication</Filter>
    </ClCompile>
    <ClCompile Include="sxApplication\sxCMain.cpp">
      <Filter>sxApplication</Filter>
    </ClCompile>
    <ClCompile Include="sxApplication\sxCMesh.cpp">
      <Filter>sxApplication</Filter>
    </ClCompile>
    <ClCompile Include="sxApplication\sxCWindow.cpp">
      <Filter>sxApplication</Filter>
    </ClCompile>
    <ClCompile Include="sxApplication\sxMain.cpp">
      <Filter>sxApplication</Filter>
    </ClCompile>
    <ClCompile Include="sxKernel\sxAssertion.cpp">
      <Filter>sxKernel</Filter>
    </ClCompile>
    <ClCompile Include="sxKernel\sxCTime.cpp">
      <Filter>sxKernel</Filter>
    </ClCompile>
    <ClCompile Include="sxKernel\sxCTSmartPtr.cpp">
      <Filter>sxKernel</Filter>
    </ClCompile>
    <ClCompile Include="sxKernel\sxIMain.cpp">
      <Filter>sxKernel</Filter>
    </ClCompile>
    <ClCompile Include="sxKernel\sxLog.cpp">
      <Filter>sxKernel</Filter>
    </ClCompile>
    <ClCompile Include="sxKernel\sxMemory.cpp">
      <Filter>sxKernel</Filter>
    </ClCompile>
    <ClCompile Include="sxKernel\sxPcHeader.cpp">
      <Filter>sxKernel</Filter>
    </ClCompile>
    <ClCompile Include="sxKernel\sxRegistration.cpp">
      <Filter>sxKernel</Filter>
    </ClCompile>
    <ClCompile Include="sxKernel\Thread\sxCAtomicInt.cpp">
      <Filter>sxKernel\Thread</Filter>
    </ClCompile>
    <ClCompile Include="sxKernel\Thread\sxCCondition.cpp">
      <Filter>sxKernel\Thread</Filter>
    </ClCompile>
    <ClCompile Include="sxKernel\Thread\sxCMutex.cpp">
      <Filter>sxKernel\Thread</Filter>
    </ClCompile>
    <ClCompile Include="sxKernel\Thread\sxCThread.cpp">
      <Filter>sxKernel\Thread</Filter>
    </ClCompile>
    <ClCompile Include="sxKernel\Math\sxCFloat3.cpp">
      <Filter>sxKernel\Math</Filter>
    </ClCompile>
    <ClCompile Include="sxKernel\Math\sxCFloat4.cpp">
      <Filter>sxKernel\Math</Filter>
    </ClCompile>
    <ClCompile Include="sxKernel\UnitTest\sxUnitTest.cpp">
      <Filter>sxKernel\UnitTest</Filter>
    </ClCompile>
    <ClCompile Include="sxDriver\Server\D3d9\sxCD3d9Device.cpp">
      <Filter>sxDriver\Server\D3d9</Filter>
    </ClCompile>
    <ClCompile Include="sxDriver\Server\D3d9\sxCD3d9Factory.cpp">
      <Filter>sxDriver\Server\D3d9</Filter>
    </ClCompile>
    <ClCompile Include="sxDriver\Server\D3d9\sxCD3d9GpuTimer.cpp">
      <Filter>sxDriver\Server\D3d9</Filter>
    </ClCompile>
    <ClCompile Include="sxDriver\Server\D3d9\sxCD3d9StateShadow.cpp">
      <Filter>sxDriver\Server\D3d9</Filter>
    </ClCompile>
    <ClCompile Include="sxDriver\Server\D3d9\sxCD3d9TextRenderer.cpp">
      <Filter>sxDriver\Server\D3d9</Filter>
    </ClCompile>
    <ClCompile Include="sxDriver\Server\D3d9\sxD3d9.cpp">
      <Filter>sxDriver\Server\D3d9</Filter>
    </ClCompile>
    <ClCompile Include="sxDriver\Server\D3d9\sxID3d9ResetListener.cpp">
      <Filter>sxDriver\Server\D3d9</Filter>
    </ClCompile>
    <ClCompile Include="sxDriver\Server\D3d9\Command\sxCD3d9DrawCommand.cpp">
      <Filter>sxDriver\Server\D3d9\Command</Filter>
    </ClCompile>
    <ClCompile Include="sxDriver\Server\D3d9\Command\sxCD3d9SwapCommand.cpp">
      <Filter>sxDriver\Server\D3d9\Command</Filter>
    </ClCompile>
    <ClCompile Include="sxDriver\Server\D3d9\State\sxCD3d9CameraState.cpp">
      <Filter>sxDriver\Server\D3d9\State</Filter>
    </ClCompile>
    <ClCompile Include="sxDriver\Server\D3d9\State\sxCD3d9LightState.cpp">
      <Filter>sxDriver\Server\D3d9\State</Filter>
    </ClCompile>
    <ClCompile Include="sxDriver\Server\D3d9\State\sxCD3d9MaterialState.cpp">
      <Filter>sxDriver\Server\D3d9\State</Filter>
    </ClCompile>
    <ClCompile Include="sxDriver\Server\D3d9\State\sxCD3d9RenderTargetState.cpp">
      <Filter>sxDriver\Server\D3d9\State</Filter>
    </ClCompile>
    <ClCompile Include="sxDriver\Server\D3d9\State\sxCD3d9TopologyState.cpp">
      <Filter>sxDriver\Server\D3d9\State</Filter>
    </ClCompile>
    <ClCompile Include="sxDriver\Server\D3d9\State\sxCD3d9TransformState.cpp">
      <Filter>sxDriver\Server\D3d9\State</Filter>
    </ClCompile>
    <ClCompile Include="sxDriver\Server\D3d9\State\sxCD3d9VertexBufferState.cpp">
      <Filter>sxDriver\Server\D3d9\State</Filter>
    </ClCompile>
    <ClCompile Include="sxDriver\Server\Interface\sxIServerCommand.cpp">
      <Filter>sxDriver\Server\Interface</Filter>
    </ClCompile>
    <ClCompile Include="sxDriver\Server\Interface\sxIServerDevice.cpp">
      <Filter>sxDriver\Server\Interface</Filter>
    </ClCompile>
    <ClCompile Include="sxDriver\Server\Interface\sxIServerFactory.cpp">
      <Filter>sxDriver\Server\Interface</Filter>
    </ClCompile>
    <ClCompile Include="sxDriver\Server\Interface\sxIServerObject .cpp">
      <Filter>sxDriver\Server\Interface</Filter>
    </ClCompile>
    <ClCompile Include="sxDriver\Server\Interface\sxIServerState.cpp">
      <Filter>sxDriver\Server\Interface</Filter>
    </ClCompile>
    <ClCompile Include="sxDriver\Server\UTest\sxCUTestDevice.cpp">
      <Filter>sxDriver\Server\UTest</Filter>
    </ClCompile>
    <ClCompile Include="sxDriver\Server\UTest\sxCUTestFactory.cpp">
      <Filter>sxDriver\Server\UTest</Filter>
    </ClCompile>
    <ClCompile Include="sxDriver\Server\UTest\Command\sxCUTestServerCommand.cpp">
      <Filter>sxDriver\Server\UTest\Command</Filter>
    </ClCompile>
    <ClCompile Include="sxDriver\Server\UTest\State\sxCUTestRenderTargetState.cpp">
      <Filter>sxDriver\Server\UTest\State</Filter>
    </ClCompile>
    <ClCompile Include="sxDriver\Client\sxCCommandBuffer.cpp">
      <Filter>sxDriver\Client</Filter>
    </ClCompile>
    <ClCompile Include="sxDriver\Client\sxCCommandLocker.cpp">
      <Filter>sxDriver\Client</Filter>
    </ClCompile>
    <ClCompile Include="sxDriver\Client\sxCContext.cpp">
      <Filter>sxDriver\Client</Filter>
    </ClCompile>
    <ClCompile Include="sxDriver\Client\sxCDevice.cpp">
      <Filter>sxDriver\Client</Filter>
    </ClCompile>
    <ClCompile Include="sxDriver\Client\sxCDriverStatistics.cpp">
      <Filter>sxDriver\Client</Filter>
    </ClCompile>
    <ClCompile Include="sxDriver\Client\sxCFactorySelector.cpp">
      <Filter>sxDriver\Client</Filter>
    </ClCompile>
    <ClCompile Include="sxDriver\Client\sxCStateCache.cpp">
      <Filter>sxDriver\Client</Filter>
    </ClCompile>
    <ClCompile Include="sxDriver\Client\sxICommand.cpp">
      <Filter>sxDriver\Client</Filter>
    </ClCompile>
    <ClCompile Include="sxDriver\Client\sxIObject.cpp">
      <Filter>sxDriver\Client</Filter>
    </ClCompile>
    <ClCompile Include="sxDriver\Client\sxIState.cpp">
      <Filter>sxDriver\Client</Filter>
    </ClCompile>
    <ClCompile Include="sxDriver\Client\State\sxCCameraState.cpp">
      <Filter>sxDriver\Client\State</Filter>
    </ClCompile>
    <ClCompile Include="sxDriver\Client\State\sxCLightState.cpp">
      <Filter>sxDriver\Client\State</Filter>
    </ClCompile>
    <ClCompile Include="sxDriver\Client\State\sxCMaterialState.cpp">
      <Filter>sxDriver\Client\State</Filter>
    </ClCompile>
    <ClCompile Include="sxDriver\Client\State\sxCRenderTargetState.cpp">
      <Filter>sxDriver\Client\State</Filter>
    </ClCompile>
    <ClCompile Include="sxDriver\Client\State\sxCTopologyState.cpp">
      <Filter>sxDriver\Client\State</Filter>
    </ClCompile>
    <ClCompile Include="sxDriver\Client\State\sxCTransformState.cpp">
      <Filter>sxDriver\Client\State</Filter>
    </ClCompile>
    <ClCompile Include="sxDriver\Client\State\sxCVertexBufferState.cpp">
      <Filter>sxDriver\Client\State</Filter>
    </ClCompile>
    <ClCompile Include="sxDriver\Client\Command\sxCDrawCommand.cpp">
      <Filter>sxDriver\Client\Command</Filter>
    </ClCompile>
    <ClCompile Include="sxDriver\Client\Command\sxCSwapCommand.cpp">
      <Filter>sxDriver\Client\Command</Filter>
    </ClCompile>
    <ClCompile Include="sxDriver\Client\Command\UTest\sxCUTestCommand.cpp">
      <Filter>sxDriver\Client\Command\UTest</Filter>
    </ClCompile>
    <ClCompile Include="sxDriver\Client\UTest\sxCCommandBufferUTest.cpp">
      <Filter>sxDriver\Client\UTest</Filter>
    </ClCompile>
    <ClCompile Include="sxDriver\Client\UTest\sxCCommandLockerUTest.cpp">
      <Filter>sxDriver\Client\UTest</Filter>
    </ClCompile>
    <ClCompile Include="sxDriver\Client\UTest\sxCDeviceUTest.cpp">
      <Filter>sxDriver\Client\UTest</Filter>
    </ClCompile>
    <ClCompile Include="sxDriver\Client\UTest\sxCStateCacheUTest.cpp">
      <Filter>sxDriver\Client\UTest</Filter>
    </ClCompile>
  </ItemGroup>
  <ItemGroup>
    <ClInclude Include="sxApplication\sxCControls.h">
      <Filter>sxApplication</Filter>
    </ClInclude>
    <ClInclude Include="sxApplication\sxCMain.h">
      <Filter>sxApplication</Filter>
    </ClInclude>
    <ClInclude Include="sxApplication\sxCMesh.h">
      <Filter>sxApplication</Filter>
    </ClInclude>
    <ClInclude Include="sxApplication\sxCWindow.h">
      <Filter>sxApplication</Filter>
    </ClInclude>
    <ClInclude Include="sxKernel\sxAssertion.h">
      <Filter>sxKernel</Filter>
    </ClInclude>
    <ClInclude Include="sxKernel\sxCTime.h">
      <Filter>sxKernel</Filter>
    </ClInclude>
    <ClInclude Include="sxKernel\sxCTSmartPtr.h">
      <Filter>sxKernel</Filter>
    </ClInclude>
    <ClInclude Include="sxKernel\sxIMain.h">
      <Filter>sxKernel</Filter>
    </ClInclude>
    <ClInclude Include="sxKernel\sxITSingleton.h">
      <Filter>sxKernel</Filter>
    </ClInclude>
    <ClInclude Include="sxKernel\sxLog.h">
      <Filter>sxKernel</Filter>
    </ClInclude>
    <ClInclude Include="sxKernel\sxMemory.h">
      <Filter>sxKernel</Filter>
    </ClInclude>
    <ClInclude Include="sxKernel\sxPcHeader.h">
      <Filter>sxKernel</Filter>
    </ClInclude>
    <ClInclude Include="sxKernel\sxRegistration.h">
      <Filter>sxKernel</Filter>
    </ClInclude>
    <ClInclude Include="sxKernel\sxType.h">
      <Filter>sxKernel</Filter>
    </ClInclude>
    <ClInclude Include="sxKernel\Thread\sxCAtomicInt.h">
      <Filter>sxKernel\Thread</Filter>
    </ClInclude>
    <ClInclude Include="sxKernel\Thread\sxCCondition.h">
      <Filter>sxKernel\Thread</Filter>
    </ClInclude>
    <ClInclude Include="sxKernel\Thread\sxCMutex.h">
      <Filter>sxKernel\Thread</Filter>
    </ClInclude>
    <ClInclude Include="sxKernel\Thread\sxCThread.h">
      <Filter>sxKernel\Thread</Filter>
    </ClInclude>
    <ClInclude Include="sxKernel\Math\sxCFloat3.h">
      <Filter>sxKernel\Math</Filter>
    </ClInclude>
    <ClInclude Include="sxKernel\Math\sxCFloat4.h">
      <Filter>sxKernel\Math</Filter>
    </ClInclude>
    <ClInclude Include="sxKernel\Math\sxMath.h">
      <Filter>sxKernel\Math</Filter>
    </ClInclude>
    <ClInclude Include="sxKernel\UnitTest\sxUnitTest.h">
      <Filter>sxKernel\UnitTest</Filter>
    </ClInclude>
    <ClInclude Include="sxDriver\Server\D3d9\sxCD3d9Device.h">
      <Filter>sxDriver\Server\D3d9</Filter>
    </ClInclude>
    <ClInclude Include="sxDriver\Server\D3d9\sxCD3d9Factory.h">
      <Filter>sxDriver\Server\D3d9</Filter>
    </ClInclude>
    <ClInclude Include="sxDriver\Server\D3d9\sxCD3d9GpuTimer.h">
      <Filter>sxDriver\Server\D3d9</Filter>
    </ClInclude>
    <ClInclude Include="sxDriver\Server\D3d9\sxCD3d9StateShadow.h">
      <Filter>sxDriver\Server\D3d9</Filter>
    </ClInclude>
    <ClInclude Include="sxDriver\Server\D3d9\sxCD3d9TextRenderer.h">
      <Filter>sxDriver\Server\D3d9</Filter>
    </ClInclude>
    <ClInclude Include="sxDriver\Server\D3d9\sxD3d9.h">
      <Filter>sxDriver\Server\D3d9</Filter>
    </ClInclude>
    <ClInclude Include="sxDriver\Server\D3d9\sxID3d9ResetListener.h">
      <Filter>sxDriver\Server\D3d9</Filter>
    </ClInclude>
    <ClInclude Include="sxDriver\Server\D3d9\Command\sxCD3d9DrawCommand.h">
      <Filter>sxDriver\Server\D3d9\Command</Filter>
    </ClInclude>
    <ClInclude Include="sxDriver\Server\D3d9\Command\sxCD3d9SwapCommand.h">
      <Filter>sxDriver\Server\D3d9\Command</Filter>
    </ClInclude>
    <ClInclude Include="sxDriver\Server\D3d9\State\sxCD3d9CameraState.h">
      <Filter>sxDriver\Server\D3d9\State</Filter>
    </ClInclude>
    <ClInclude Include="sxDriver\Server\D3d9\State\sxCD3d9LightState.h">
      <Filter>sxDriver\Server\D3d9\State</Filter>
    </ClInclude>
    <ClInclude Include="sxDriver\Server\D3d9\State\sxCD3d9MaterialState.h">
      <Filter>sxDriver\Server\D3d9\State</Filter>
    </ClInclude>
    <ClInclude Include="sxDriver\Server\D3d9\State\sxCD3d9RenderTargetState.h">
      <Filter>sxDriver\Server\D3d9\State</Filter>
    </ClInclude>
    <ClInclude Include="sxDriver\Server\D3d9\State\sxCD3d9TopologyState.h">
      <Filter>sxDriver\Server\D3d9\State</Filter>
    </ClInclude>
    <ClInclude Include="sxDriver\Server\D3d9\State\sxCD3d9TransformState.h">
      <Filter>sxDriver\Server\D3d9\State</Filter>
    </ClInclude>
    <ClInclude Include="sxDriver\Server\D3d9\State\sxCD3d9VertexBufferState.h">
      <Filter>sxDriver\Server\D3d9\State</Filter>
    </ClInclude>
    <ClInclude Include="sxDriver\Server\Interface\sxIServerCommand.h">
      <Filter>sxDriver\Server\Interface</Filter>
    </ClInclude>
    <ClInclude Include="sxDriver\Server\Interface\sxIServerDevice.h">
      <Filter>sxDriver\Server\Interface</Filter>
    </ClInclude>
    <ClInclude Include="sxDriver\Server\Interface\sxIServerFactory.h">
      <Filter>sxDriver\Server\Interface</Filter>
    </ClInclude>
    <ClInclude Include="sxDriver\Server\Interface\sxIServerObject.h">
      <Filter>sxDriver\Server\Interface</Filter>
    </ClInclude>
    <ClInclude Include="sxDriver\Server\Interface\sxIServerState.h">
      <Filter>sxDriver\Server\Interface</Filter>
    </ClInclude>
    <ClInclude Include="sxDriver\Server\UTest\sxCUTestDevice.h">
      <Filter>sxDriver\Server\UTest</Filter>
    </ClInclude>
    <ClInclude Include="sxDriver\Server\UTest\sxCUTestFactory.h">
      <Filter>sxDriver\Server\UTest</Filter>
    </ClInclude>
    <ClInclude Include="sxDriver\Server\UTest\Command\sxCUTestServerCommand.h">
      <Filter>sxDriver\Server\UTest\Command</Filter>
    </ClInclude>
    <ClInclude Include="sxDriver\Server\UTest\State\sxCUTestDefaultServerState.h">
      <Filter>sxDriver\Server\UTest\State</Filter>
    </ClInclude>
    <ClInclude Include="sxDriver\Server\UTest\State\sxCUTestRenderTargetState.h">
      <Filter>sxDriver\Server\UTest\State</Filter>
    </ClInclude>
    <ClInclude Include="sxDriver\Client\sxCCommandBuffer.h">
      <Filter>sxDriver\Client</Filter>
    </ClInclude>
    <ClInclude Include="sxDriver\Client\sxCCommandLocker.h">
      <Filter>sxDriver\Client</Filter>
    </ClInclude>
    <ClInclude Include="sxDriver\Client\sxCContext.h">
      <Filter>sxDriver\Client</Filter>
    </ClInclude>
    <ClInclude Include="sxDriver\Client\sxCDevice.h">
      <Filter>sxDriver\Client</Filter>
    </ClInclude>
    <ClInclude Include="sxDriver\Client\sxCDriverStatistics.h">
      <Filter>sxDriver\Client</Filter>
    </ClInclude>
    <ClInclude Include="sxDriver\Client\sxCFactorySelector.h">
      <Filter>sxDriver\Client</Filter>
    </ClInclude>
    <ClInclude Include="sxDriver\Client\sxCStateCache.h">
      <Filter>sxDriver\Client</Filter>
    </ClInclude>
    <ClInclude Include="sxDriver\Client\sxEStateType.h">
      <Filter>sxDriver\Client</Filter>
    </ClInclude>
    <ClInclude Include="sxDriver\Client\sxICommand.h">
      <Filter>sxDriver\Client</Filter>
    </ClInclude>
    <ClInclude Include="sxDriver\Client\sxIObject.h">
      <Filter>sxDriver\Client</Filter>
    </ClInclude>
    <ClInclude Include="sxDriver\Client\sxIState.h">
      <Filter>sxDriver\Client</Filter>
    </ClInclude>
    <ClInclude Include="sxDriver\Client\State\sxCCameraState.h">
      <Filter>sxDriver\Client\State</Filter>
    </ClInclude>
    <ClInclude Include="sxDriver\Client\State\sxCLightState.h">
      <Filter>sxDriver\Client\State</Filter>
    </ClInclude>
    <ClInclude Include="sxDriver\Client\State\sxCMaterialState.h">
      <Filter>sxDriver\Client\State</Filter>
    </ClInclude>
    <ClInclude Include="sxDriver\Client\State\sxCRenderTargetState.h">
      <Filter>sxDriver\Client\State</Filter>
    </ClInclude>
    <ClInclude Include="sxDriver\Client\State\sxCTopologyState.h">
      <Filter>sxDriver\Client\State</Filter>
    </ClInclude>
    <ClInclude Include="sxDriver\Client\State\sxCTransformState.h">
      <Filter>sxDriver\Client\State</Filter>
    </ClInclude>
    <ClInclude Include="sxDriver\Client\State\sxCVertexBufferState.h">
      <Filter>sxDriver\Client\State</Filter>
    </ClInclude>
    <ClInclude Include="sxDriver\Client\Command\sxCDrawCommand.h">
      <Filter>sxDriver\Client\Command</Filter>
    </ClInclude>
    <ClInclude Include="sxDriver\Client\Command\sxCSwapCommand.h">
      <Filter>sxDriver\Client\Command</Filter>
    </ClInclude>
    <ClInclude Include="sxDriver\Client\Command\UTest\sxCUTestCommand.h">
      <Filter>sxDriver\Client\Command\UTest</Filter>
    </ClInclude>
  </ItemGroup>
  <ItemGroup>
    <Text Include="Controls.txt" />
    <Text Include="How to read this code.txt" />
    <Text Include="Statistics.txt" />
  </ItemGroup>
</Project>